// !$*UTF8*$!
{
	archiveVersion = 1;
	classes = {
	};
	objectVersion = 55;
	objects = {

/* Begin PBXBuildFile section */
		60D11630282D2E9D0075B3A7 /* LocationManager.swift in Sources */ = {isa = PBXBuildFile; fileRef = 60D1162F282D2E9D0075B3A7 /* LocationManager.swift */; };
		D2706833282559FE00D66A64 /* knuGoApp.swift in Sources */ = {isa = PBXBuildFile; fileRef = D2706832282559FE00D66A64 /* knuGoApp.swift */; };
		D270683728255A0100D66A64 /* Assets.xcassets in Resources */ = {isa = PBXBuildFile; fileRef = D270683628255A0100D66A64 /* Assets.xcassets */; };
		D270683A28255A0100D66A64 /* Preview Assets.xcassets in Resources */ = {isa = PBXBuildFile; fileRef = D270683928255A0100D66A64 /* Preview Assets.xcassets */; };
		D270684D28255B6800D66A64 /* landmarkData.json in Resources */ = {isa = PBXBuildFile; fileRef = D270684C28255B6800D66A64 /* landmarkData.json */; };
		D270685028255B7700D66A64 /* Landmark.swift in Sources */ = {isa = PBXBuildFile; fileRef = D270684E28255B7700D66A64 /* Landmark.swift */; };
		D270685128255B7700D66A64 /* ModelData.swift in Sources */ = {isa = PBXBuildFile; fileRef = D270684F28255B7700D66A64 /* ModelData.swift */; };
		D270685328255B8600D66A64 /* ContentView.swift in Sources */ = {isa = PBXBuildFile; fileRef = D270685228255B8600D66A64 /* ContentView.swift */; };
		D270685928255BB000D66A64 /* LandmarkDetail.swift in Sources */ = {isa = PBXBuildFile; fileRef = D270685628255BB000D66A64 /* LandmarkDetail.swift */; };
		D270685A28255BB000D66A64 /* LandmarkList.swift in Sources */ = {isa = PBXBuildFile; fileRef = D270685728255BB000D66A64 /* LandmarkList.swift */; };
		D270685B28255BB000D66A64 /* LandMarkRow.swift in Sources */ = {isa = PBXBuildFile; fileRef = D270685828255BB000D66A64 /* LandMarkRow.swift */; };
		D270685F28255BBA00D66A64 /* CircleImage.swift in Sources */ = {isa = PBXBuildFile; fileRef = D270685C28255BBA00D66A64 /* CircleImage.swift */; };
		D270686028255BBA00D66A64 /* FavoriteButton.swift in Sources */ = {isa = PBXBuildFile; fileRef = D270685D28255BBA00D66A64 /* FavoriteButton.swift */; };
		D270686128255BBA00D66A64 /* MapView.swift in Sources */ = {isa = PBXBuildFile; fileRef = D270685E28255BBA00D66A64 /* MapView.swift */; };
		D2CEB32C282D1540002AF4D1 /* LoadingView.swift in Sources */ = {isa = PBXBuildFile; fileRef = D2CEB329282D153F002AF4D1 /* LoadingView.swift */; };
		D2CEB32D282D1540002AF4D1 /* LottieView.swift in Sources */ = {isa = PBXBuildFile; fileRef = D2CEB32A282D153F002AF4D1 /* LottieView.swift */; };
		D2CEB32E282D1540002AF4D1 /* Loading.json in Resources */ = {isa = PBXBuildFile; fileRef = D2CEB32B282D1540002AF4D1 /* Loading.json */; };
		D2CEB331282D15A4002AF4D1 /* Lottie in Frameworks */ = {isa = PBXBuildFile; productRef = D2CEB330282D15A4002AF4D1 /* Lottie */; };
/* End PBXBuildFile section */

/* Begin PBXFileReference section */
		60D1162F282D2E9D0075B3A7 /* LocationManager.swift */ = {isa = PBXFileReference; lastKnownFileType = sourcecode.swift; path = LocationManager.swift; sourceTree = "<group>"; };
		D270682F282559FE00D66A64 /* knuGo.app */ = {isa = PBXFileReference; explicitFileType = wrapper.application; includeInIndex = 0; path = knuGo.app; sourceTree = BUILT_PRODUCTS_DIR; };
		D2706832282559FE00D66A64 /* knuGoApp.swift */ = {isa = PBXFileReference; lastKnownFileType = sourcecode.swift; path = knuGoApp.swift; sourceTree = "<group>"; };
		D270683628255A0100D66A64 /* Assets.xcassets */ = {isa = PBXFileReference; lastKnownFileType = folder.assetcatalog; path = Assets.xcassets; sourceTree = "<group>"; };
		D270683928255A0100D66A64 /* Preview Assets.xcassets */ = {isa = PBXFileReference; lastKnownFileType = folder.assetcatalog; path = "Preview Assets.xcassets"; sourceTree = "<group>"; };
		D270684C28255B6800D66A64 /* landmarkData.json */ = {isa = PBXFileReference; fileEncoding = 4; lastKnownFileType = text.json; path = landmarkData.json; sourceTree = "<group>"; };
		D270684E28255B7700D66A64 /* Landmark.swift */ = {isa = PBXFileReference; fileEncoding = 4; lastKnownFileType = sourcecode.swift; path = Landmark.swift; sourceTree = "<group>"; };
		D270684F28255B7700D66A64 /* ModelData.swift */ = {isa = PBXFileReference; fileEncoding = 4; lastKnownFileType = sourcecode.swift; path = ModelData.swift; sourceTree = "<group>"; };
		D270685228255B8600D66A64 /* ContentView.swift */ = {isa = PBXFileReference; fileEncoding = 4; lastKnownFileType = sourcecode.swift; path = ContentView.swift; sourceTree = "<group>"; };
		D270685628255BB000D66A64 /* LandmarkDetail.swift */ = {isa = PBXFileReference; fileEncoding = 4; lastKnownFileType = sourcecode.swift; path = LandmarkDetail.swift; sourceTree = "<group>"; };
		D270685728255BB000D66A64 /* LandmarkList.swift */ = {isa = PBXFileReference; fileEncoding = 4; lastKnownFileType = sourcecode.swift; path = LandmarkList.swift; sourceTree = "<group>"; };
		D270685828255BB000D66A64 /* LandMarkRow.swift */ = {isa = PBXFileReference; fileEncoding = 4; lastKnownFileType = sourcecode.swift; path = LandMarkRow.swift; sourceTree = "<group>"; };
		D270685C28255BBA00D66A64 /* CircleImage.swift */ = {isa = PBXFileReference; fileEncoding = 4; lastKnownFileType = sourcecode.swift; path = CircleImage.swift; sourceTree = "<group>"; };
		D270685D28255BBA00D66A64 /* FavoriteButton.swift */ = {isa = PBXFileReference; fileEncoding = 4; lastKnownFileType = sourcecode.swift; path = FavoriteButton.swift; sourceTree = "<group>"; };
		D270685E28255BBA00D66A64 /* MapView.swift */ = {isa = PBXFileReference; fileEncoding = 4; lastKnownFileType = sourcecode.swift; path = MapView.swift; sourceTree = "<group>"; };
		D270686228255CB000D66A64 /* Info.plist */ = {isa = PBXFileReference; lastKnownFileType = text.plist; path = Info.plist; sourceTree = "<group>"; };
		D2CEB329282D153F002AF4D1 /* LoadingView.swift */ = {isa = PBXFileReference; fileEncoding = 4; lastKnownFileType = sourcecode.swift; path = LoadingView.swift; sourceTree = "<group>"; };
		D2CEB32A282D153F002AF4D1 /* LottieView.swift */ = {isa = PBXFileReference; fileEncoding = 4; lastKnownFileType = sourcecode.swift; path = LottieView.swift; sourceTree = "<group>"; };
		D2CEB32B282D1540002AF4D1 /* Loading.json */ = {isa = PBXFileReference; fileEncoding = 4; lastKnownFileType = text.json; path = Loading.json; sourceTree = "<group>"; };
/* End PBXFileReference section */

/* Begin PBXFrameworksBuildPhase section */
		D270682C282559FE00D66A64 /* Frameworks */ = {
			isa = PBXFrameworksBuildPhase;
			buildActionMask = 2147483647;
			files = (
				D2CEB331282D15A4002AF4D1 /* Lottie in Frameworks */,
			);
			runOnlyForDeploymentPostprocessing = 0;
		};
/* End PBXFrameworksBuildPhase section */

/* Begin PBXGroup section */
		D2706826282559FE00D66A64 = {
			isa = PBXGroup;
			children = (
				D2706831282559FE00D66A64 /* knuGo */,
				D2706830282559FE00D66A64 /* Products */,
			);
			sourceTree = "<group>";
		};
		D2706830282559FE00D66A64 /* Products */ = {
			isa = PBXGroup;
			children = (
				D270682F282559FE00D66A64 /* knuGo.app */,
			);
			name = Products;
			sourceTree = "<group>";
		};
		D2706831282559FE00D66A64 /* knuGo */ = {
			isa = PBXGroup;
			children = (
				D270686228255CB000D66A64 /* Info.plist */,
				D2706832282559FE00D66A64 /* knuGoApp.swift */,
				D270684928255B3500D66A64 /* Views */,
				D270684A28255B3D00D66A64 /* Model */,
				D270684B28255B4900D66A64 /* Resources */,
				D270683628255A0100D66A64 /* Assets.xcassets */,
				D270683828255A0100D66A64 /* Preview Content */,
			);
			path = knuGo;
			sourceTree = "<group>";
		};
		D270683828255A0100D66A64 /* Preview Content */ = {
			isa = PBXGroup;
			children = (
				D270683928255A0100D66A64 /* Preview Assets.xcassets */,
			);
			path = "Preview Content";
			sourceTree = "<group>";
		};
		D270684928255B3500D66A64 /* Views */ = {
			isa = PBXGroup;
			children = (
				D270685228255B8600D66A64 /* ContentView.swift */,
				D270685428255B8900D66A64 /* Landmarks */,
				D270685528255B9D00D66A64 /* Helpers */,
			);
			path = Views;
			sourceTree = "<group>";
		};
		D270684A28255B3D00D66A64 /* Model */ = {
			isa = PBXGroup;
			children = (
				D270684E28255B7700D66A64 /* Landmark.swift */,
				D270684F28255B7700D66A64 /* ModelData.swift */,
			);
			path = Model;
			sourceTree = "<group>";
		};
		D270684B28255B4900D66A64 /* Resources */ = {
			isa = PBXGroup;
			children = (
				D270684C28255B6800D66A64 /* landmarkData.json */,
			);
			path = Resources;
			sourceTree = "<group>";
		};
		D270685428255B8900D66A64 /* Landmarks */ = {
			isa = PBXGroup;
			children = (
				D2CEB328282D1509002AF4D1 /* SplashView */,
				D270685628255BB000D66A64 /* LandmarkDetail.swift */,
				D270685728255BB000D66A64 /* LandmarkList.swift */,
				D270685828255BB000D66A64 /* LandMarkRow.swift */,
			);
			path = Landmarks;
			sourceTree = "<group>";
		};
		D270685528255B9D00D66A64 /* Helpers */ = {
			isa = PBXGroup;
			children = (
				D270685C28255BBA00D66A64 /* CircleImage.swift */,
				D270685D28255BBA00D66A64 /* FavoriteButton.swift */,
				D270685E28255BBA00D66A64 /* MapView.swift */,
				60D1162F282D2E9D0075B3A7 /* LocationManager.swift */,
			);
			path = Helpers;
			sourceTree = "<group>";
		};
		D2CEB328282D1509002AF4D1 /* SplashView */ = {
			isa = PBXGroup;
			children = (
				D2CEB32B282D1540002AF4D1 /* Loading.json */,
				D2CEB329282D153F002AF4D1 /* LoadingView.swift */,
				D2CEB32A282D153F002AF4D1 /* LottieView.swift */,
			);
			path = SplashView;
			sourceTree = "<group>";
		};
/* End PBXGroup section */

/* Begin PBXNativeTarget section */
		D270682E282559FE00D66A64 /* knuGo */ = {
			isa = PBXNativeTarget;
			buildConfigurationList = D270683D28255A0100D66A64 /* Build configuration list for PBXNativeTarget "knuGo" */;
			buildPhases = (
				D270682B282559FE00D66A64 /* Sources */,
				D270682C282559FE00D66A64 /* Frameworks */,
				D270682D282559FE00D66A64 /* Resources */,
			);
			buildRules = (
			);
			dependencies = (
			);
			name = knuGo;
			packageProductDependencies = (
				D2CEB330282D15A4002AF4D1 /* Lottie */,
			);
			productName = knuGo;
			productReference = D270682F282559FE00D66A64 /* knuGo.app */;
			productType = "com.apple.product-type.application";
		};
/* End PBXNativeTarget section */

/* Begin PBXProject section */
		D2706827282559FE00D66A64 /* Project object */ = {
			isa = PBXProject;
			attributes = {
				BuildIndependentTargetsInParallel = 1;
				LastSwiftUpdateCheck = 1330;
				LastUpgradeCheck = 1330;
				TargetAttributes = {
					D270682E282559FE00D66A64 = {
						CreatedOnToolsVersion = 13.3.1;
					};
				};
			};
			buildConfigurationList = D270682A282559FE00D66A64 /* Build configuration list for PBXProject "knuGo" */;
			compatibilityVersion = "Xcode 13.0";
			developmentRegion = en;
			hasScannedForEncodings = 0;
			knownRegions = (
				en,
				Base,
			);
			mainGroup = D2706826282559FE00D66A64;
			packageReferences = (
				D2CEB32F282D15A4002AF4D1 /* XCRemoteSwiftPackageReference "lottie-ios" */,
			);
			productRefGroup = D2706830282559FE00D66A64 /* Products */;
			projectDirPath = "";
			projectRoot = "";
			targets = (
				D270682E282559FE00D66A64 /* knuGo */,
			);
		};
/* End PBXProject section */

/* Begin PBXResourcesBuildPhase section */
		D270682D282559FE00D66A64 /* Resources */ = {
			isa = PBXResourcesBuildPhase;
			buildActionMask = 2147483647;
			files = (
				D270683A28255A0100D66A64 /* Preview Assets.xcassets in Resources */,
				D270683728255A0100D66A64 /* Assets.xcassets in Resources */,
				D2CEB32E282D1540002AF4D1 /* Loading.json in Resources */,
				D270684D28255B6800D66A64 /* landmarkData.json in Resources */,
			);
			runOnlyForDeploymentPostprocessing = 0;
		};
/* End PBXResourcesBuildPhase section */

/* Begin PBXSourcesBuildPhase section */
		D270682B282559FE00D66A64 /* Sources */ = {
			isa = PBXSourcesBuildPhase;
			buildActionMask = 2147483647;
			files = (
				D2706833282559FE00D66A64 /* knuGoApp.swift in Sources */,
				D270685F28255BBA00D66A64 /* CircleImage.swift in Sources */,
				D270685B28255BB000D66A64 /* LandMarkRow.swift in Sources */,
				D2CEB32C282D1540002AF4D1 /* LoadingView.swift in Sources */,
				D270686028255BBA00D66A64 /* FavoriteButton.swift in Sources */,
				D270685A28255BB000D66A64 /* LandmarkList.swift in Sources */,
				D270685028255B7700D66A64 /* Landmark.swift in Sources */,
				D270685328255B8600D66A64 /* ContentView.swift in Sources */,
				D270686128255BBA00D66A64 /* MapView.swift in Sources */,
				D270685928255BB000D66A64 /* LandmarkDetail.swift in Sources */,
				D270685128255B7700D66A64 /* ModelData.swift in Sources */,
				D2CEB32D282D1540002AF4D1 /* LottieView.swift in Sources */,
				60D11630282D2E9D0075B3A7 /* LocationManager.swift in Sources */,
			);
			runOnlyForDeploymentPostprocessing = 0;
		};
/* End PBXSourcesBuildPhase section */

/* Begin XCBuildConfiguration section */
		D270683B28255A0100D66A64 /* Debug */ = {
			isa = XCBuildConfiguration;
			buildSettings = {
				ALWAYS_SEARCH_USER_PATHS = NO;
				CLANG_ANALYZER_NONNULL = YES;
				CLANG_ANALYZER_NUMBER_OBJECT_CONVERSION = YES_AGGRESSIVE;
				CLANG_CXX_LANGUAGE_STANDARD = "gnu++17";
				CLANG_ENABLE_MODULES = YES;
				CLANG_ENABLE_OBJC_ARC = YES;
				CLANG_ENABLE_OBJC_WEAK = YES;
				CLANG_WARN_BLOCK_CAPTURE_AUTORELEASING = YES;
				CLANG_WARN_BOOL_CONVERSION = YES;
				CLANG_WARN_COMMA = YES;
				CLANG_WARN_CONSTANT_CONVERSION = YES;
				CLANG_WARN_DEPRECATED_OBJC_IMPLEMENTATIONS = YES;
				CLANG_WARN_DIRECT_OBJC_ISA_USAGE = YES_ERROR;
				CLANG_WARN_DOCUMENTATION_COMMENTS = YES;
				CLANG_WARN_EMPTY_BODY = YES;
				CLANG_WARN_ENUM_CONVERSION = YES;
				CLANG_WARN_INFINITE_RECURSION = YES;
				CLANG_WARN_INT_CONVERSION = YES;
				CLANG_WARN_NON_LITERAL_NULL_CONVERSION = YES;
				CLANG_WARN_OBJC_IMPLICIT_RETAIN_SELF = YES;
				CLANG_WARN_OBJC_LITERAL_CONVERSION = YES;
				CLANG_WARN_OBJC_ROOT_CLASS = YES_ERROR;
				CLANG_WARN_QUOTED_INCLUDE_IN_FRAMEWORK_HEADER = YES;
				CLANG_WARN_RANGE_LOOP_ANALYSIS = YES;
				CLANG_WARN_STRICT_PROTOTYPES = YES;
				CLANG_WARN_SUSPICIOUS_MOVE = YES;
				CLANG_WARN_UNGUARDED_AVAILABILITY = YES_AGGRESSIVE;
				CLANG_WARN_UNREACHABLE_CODE = YES;
				CLANG_WARN__DUPLICATE_METHOD_MATCH = YES;
				COPY_PHASE_STRIP = NO;
				DEBUG_INFORMATION_FORMAT = dwarf;
				ENABLE_STRICT_OBJC_MSGSEND = YES;
				ENABLE_TESTABILITY = YES;
				GCC_C_LANGUAGE_STANDARD = gnu11;
				GCC_DYNAMIC_NO_PIC = NO;
				GCC_NO_COMMON_BLOCKS = YES;
				GCC_OPTIMIZATION_LEVEL = 0;
				GCC_PREPROCESSOR_DEFINITIONS = (
					"DEBUG=1",
					"$(inherited)",
				);
				GCC_WARN_64_TO_32_BIT_CONVERSION = YES;
				GCC_WARN_ABOUT_RETURN_TYPE = YES_ERROR;
				GCC_WARN_UNDECLARED_SELECTOR = YES;
				GCC_WARN_UNINITIALIZED_AUTOS = YES_AGGRESSIVE;
				GCC_WARN_UNUSED_FUNCTION = YES;
				GCC_WARN_UNUSED_VARIABLE = YES;
				IPHONEOS_DEPLOYMENT_TARGET = 15.4;
				MTL_ENABLE_DEBUG_INFO = INCLUDE_SOURCE;
				MTL_FAST_MATH = YES;
				ONLY_ACTIVE_ARCH = YES;
				SDKROOT = iphoneos;
				SWIFT_ACTIVE_COMPILATION_CONDITIONS = DEBUG;
				SWIFT_OPTIMIZATION_LEVEL = "-Onone";
			};
			name = Debug;
		};
		D270683C28255A0100D66A64 /* Release */ = {
			isa = XCBuildConfiguration;
			buildSettings = {
				ALWAYS_SEARCH_USER_PATHS = NO;
				CLANG_ANALYZER_NONNULL = YES;
				CLANG_ANALYZER_NUMBER_OBJECT_CONVERSION = YES_AGGRESSIVE;
				CLANG_CXX_LANGUAGE_STANDARD = "gnu++17";
				CLANG_ENABLE_MODULES = YES;
				CLANG_ENABLE_OBJC_ARC = YES;
				CLANG_ENABLE_OBJC_WEAK = YES;
				CLANG_WARN_BLOCK_CAPTURE_AUTORELEASING = YES;
				CLANG_WARN_BOOL_CONVERSION = YES;
				CLANG_WARN_COMMA = YES;
				CLANG_WARN_CONSTANT_CONVERSION = YES;
				CLANG_WARN_DEPRECATED_OBJC_IMPLEMENTATIONS = YES;
				CLANG_WARN_DIRECT_OBJC_ISA_USAGE = YES_ERROR;
				CLANG_WARN_DOCUMENTATION_COMMENTS = YES;
				CLANG_WARN_EMPTY_BODY = YES;
				CLANG_WARN_ENUM_CONVERSION = YES;
				CLANG_WARN_INFINITE_RECURSION = YES;
				CLANG_WARN_INT_CONVERSION = YES;
				CLANG_WARN_NON_LITERAL_NULL_CONVERSION = YES;
				CLANG_WARN_OBJC_IMPLICIT_RETAIN_SELF = YES;
				CLANG_WARN_OBJC_LITERAL_CONVERSION = YES;
				CLANG_WARN_OBJC_ROOT_CLASS = YES_ERROR;
				CLANG_WARN_QUOTED_INCLUDE_IN_FRAMEWORK_HEADER = YES;
				CLANG_WARN_RANGE_LOOP_ANALYSIS = YES;
				CLANG_WARN_STRICT_PROTOTYPES = YES;
				CLANG_WARN_SUSPICIOUS_MOVE = YES;
				CLANG_WARN_UNGUARDED_AVAILABILITY = YES_AGGRESSIVE;
				CLANG_WARN_UNREACHABLE_CODE = YES;
				CLANG_WARN__DUPLICATE_METHOD_MATCH = YES;
				COPY_PHASE_STRIP = NO;
				DEBUG_INFORMATION_FORMAT = "dwarf-with-dsym";
				ENABLE_NS_ASSERTIONS = NO;
				ENABLE_STRICT_OBJC_MSGSEND = YES;
				GCC_C_LANGUAGE_STANDARD = gnu11;
				GCC_NO_COMMON_BLOCKS = YES;
				GCC_WARN_64_TO_32_BIT_CONVERSION = YES;
				GCC_WARN_ABOUT_RETURN_TYPE = YES_ERROR;
				GCC_WARN_UNDECLARED_SELECTOR = YES;
				GCC_WARN_UNINITIALIZED_AUTOS = YES_AGGRESSIVE;
				GCC_WARN_UNUSED_FUNCTION = YES;
				GCC_WARN_UNUSED_VARIABLE = YES;
				IPHONEOS_DEPLOYMENT_TARGET = 15.4;
				MTL_ENABLE_DEBUG_INFO = NO;
				MTL_FAST_MATH = YES;
				SDKROOT = iphoneos;
				SWIFT_COMPILATION_MODE = wholemodule;
				SWIFT_OPTIMIZATION_LEVEL = "-O";
				VALIDATE_PRODUCT = YES;
			};
			name = Release;
		};
		D270683E28255A0100D66A64 /* Debug */ = {
			isa = XCBuildConfiguration;
			buildSettings = {
				ASSETCATALOG_COMPILER_APPICON_NAME = AppIcon;
				ASSETCATALOG_COMPILER_GLOBAL_ACCENT_COLOR_NAME = AccentColor;
				CODE_SIGN_STYLE = Automatic;
				CURRENT_PROJECT_VERSION = 1;
				DEVELOPMENT_ASSET_PATHS = "\"knuGo/Preview Content\"";
				DEVELOPMENT_TEAM = 4ZSUPU58YX;
				ENABLE_PREVIEWS = YES;
				GENERATE_INFOPLIST_FILE = YES;
				INFOPLIST_FILE = knuGo/Info.plist;
				INFOPLIST_KEY_UIApplicationSceneManifest_Generation = YES;
				INFOPLIST_KEY_UIApplicationSupportsIndirectInputEvents = YES;
				INFOPLIST_KEY_UILaunchScreen_Generation = YES;
				INFOPLIST_KEY_UISupportedInterfaceOrientations_iPad = "UIInterfaceOrientationPortrait UIInterfaceOrientationPortraitUpsideDown UIInterfaceOrientationLandscapeLeft UIInterfaceOrientationLandscapeRight";
				INFOPLIST_KEY_UISupportedInterfaceOrientations_iPhone = "UIInterfaceOrientationPortrait UIInterfaceOrientationLandscapeLeft UIInterfaceOrientationLandscapeRight";
				LD_RUNPATH_SEARCH_PATHS = (
					"$(inherited)",
					"@executable_path/Frameworks",
				);
				MARKETING_VERSION = 1.0;
				PRODUCT_BUNDLE_IDENTIFIER = com.study.knuGo;
				PRODUCT_NAME = "$(TARGET_NAME)";
				SWIFT_EMIT_LOC_STRINGS = YES;
				SWIFT_VERSION = 5.0;
				TARGETED_DEVICE_FAMILY = "1,2";
			};
			name = Debug;
		};
		D270683F28255A0100D66A64 /* Release */ = {
			isa = XCBuildConfiguration;
			buildSettings = {
				ASSETCATALOG_COMPILER_APPICON_NAME = AppIcon;
				ASSETCATALOG_COMPILER_GLOBAL_ACCENT_COLOR_NAME = AccentColor;
				CODE_SIGN_STYLE = Automatic;
				CURRENT_PROJECT_VERSION = 1;
				DEVELOPMENT_ASSET_PATHS = "\"knuGo/Preview Content\"";
				DEVELOPMENT_TEAM = 4ZSUPU58YX;
				ENABLE_PREVIEWS = YES;
				GENERATE_INFOPLIST_FILE = YES;
				INFOPLIST_FILE = knuGo/Info.plist;
				INFOPLIST_KEY_UIApplicationSceneManifest_Generation = YES;
				INFOPLIST_KEY_UIApplicationSupportsIndirectInputEvents = YES;
				INFOPLIST_KEY_UILaunchScreen_Generation = YES;
				INFOPLIST_KEY_UISupportedInterfaceOrientations_iPad = "UIInterfaceOrientationPortrait UIInterfaceOrientationPortraitUpsideDown UIInterfaceOrientationLandscapeLeft UIInterfaceOrientationLandscapeRight";
				INFOPLIST_KEY_UISupportedInterfaceOrientations_iPhone = "UIInterfaceOrientationPortrait UIInterfaceOrientationLandscapeLeft UIInterfaceOrientationLandscapeRight";
				LD_RUNPATH_SEARCH_PATHS = (
					"$(inherited)",
					"@executable_path/Frameworks",
				);
				MARKETING_VERSION = 1.0;
				PRODUCT_BUNDLE_IDENTIFIER = com.study.knuGo;
				PRODUCT_NAME = "$(TARGET_NAME)";
				SWIFT_EMIT_LOC_STRINGS = YES;
				SWIFT_VERSION = 5.0;
				TARGETED_DEVICE_FAMILY = "1,2";
			};
			name = Release;
		};
/* End XCBuildConfiguration section */

/* Begin XCConfigurationList section */
		D270682A282559FE00D66A64 /* Build configuration list for PBXProject "knuGo" */ = {
			isa = XCConfigurationList;
			buildConfigurations = (
				D270683B28255A0100D66A64 /* Debug */,
				D270683C28255A0100D66A64 /* Release */,
			);
			defaultConfigurationIsVisible = 0;
			defaultConfigurationName = Release;
		};
		D270683D28255A0100D66A64 /* Build configuration list for PBXNativeTarget "knuGo" */ = {
			isa = XCConfigurationList;
			buildConfigurations = (
				D270683E28255A0100D66A64 /* Debug */,
				D270683F28255A0100D66A64 /* Release */,
			);
			defaultConfigurationIsVisible = 0;
			defaultConfigurationName = Release;
		};
/* End XCConfigurationList section */

/* Begin XCRemoteSwiftPackageReference section */
		D2CEB32F282D15A4002AF4D1 /* XCRemoteSwiftPackageReference "lottie-ios" */ = {
			isa = XCRemoteSwiftPackageReference;
			repositoryURL = "https://github.com/airbnb/lottie-ios.git";
			requirement = {
				kind = upToNextMajorVersion;
				minimumVersion = 3.0.0;
			};
		};
/* End XCRemoteSwiftPackageReference section */

/* Begin XCSwiftPackageProductDependency section */
		D2CEB330282D15A4002AF4D1 /* Lottie */ = {
			isa = XCSwiftPackageProductDependency;
			package = D2CEB32F282D15A4002AF4D1 /* XCRemoteSwiftPackageReference "lottie-ios" */;
			productName = Lottie;
		};
/* End XCSwiftPackageProductDependency section */
	};
	rootObject = D2706827282559FE00D66A64 /* Project object */;
}
